
Microsoft Visual Studio Solution File, Format Version 12.00
# Visual Studio 15
VisualStudioVersion = 15.0.27703.2035
MinimumVisualStudioVersion = 10.0.40219.1
Project("{E24C65DC-7377-472B-9ABA-BC803B73C61A}") = "RotatingTriangle", "RotatingTriangle\", "{028E46DD-A135-4CC8-AEAA-1E0F009770FA}"
	ProjectSection(WebsiteProperties) = preProject
		TargetFrameworkMoniker = ".NETFramework,Version%3Dv4.6.1"
		Debug.AspNetCompiler.VirtualPath = "/localhost_4208"
		Debug.AspNetCompiler.PhysicalPath = "RotatingTriangle\"
		Debug.AspNetCompiler.TargetPath = "PrecompiledWeb\localhost_4208\"
		Debug.AspNetCompiler.Updateable = "true"
		Debug.AspNetCompiler.ForceOverwrite = "true"
		Debug.AspNetCompiler.FixedNames = "false"
		Debug.AspNetCompiler.Debug = "True"
		Release.AspNetCompiler.VirtualPath = "/localhost_4208"
		Release.AspNetCompiler.PhysicalPath = "RotatingTriangle\"
		Release.AspNetCompiler.TargetPath = "PrecompiledWeb\localhost_4208\"
		Release.AspNetCompiler.Updateable = "true"
		Release.AspNetCompiler.ForceOverwrite = "true"
		Release.AspNetCompiler.FixedNames = "false"
		Release.AspNetCompiler.Debug = "False"
		VWDPort = "4208"
		SlnRelativePath = "RotatingTriangle\"
		DefaultWebSiteLanguage = "Visual C#"
	EndProjectSection
EndProject
Global
	GlobalSection(SolutionConfigurationPlatforms) = preSolution
		Debug|Any CPU = Debug|Any CPU
	EndGlobalSection
	GlobalSection(ProjectConfigurationPlatforms) = postSolution
		{028E46DD-A135-4CC8-AEAA-1E0F009770FA}.Debug|Any CPU.ActiveCfg = Debug|Any CPU
		{028E46DD-A135-4CC8-AEAA-1E0F009770FA}.Debug|Any CPU.Build.0 = Debug|Any CPU
	EndGlobalSection
	GlobalSection(SolutionProperties) = preSolution
		HideSolutionNode = FALSE
	EndGlobalSection
	GlobalSection(ExtensibilityGlobals) = postSolution
		SolutionGuid = {6F7635C1-BB09-4A59-896E-2BD0CC358DA6}
	EndGlobalSection
EndGlobal
